// !$*UTF8*$!
{
	archiveVersion = 1;
	classes = {
	};
	objectVersion = 56;
	objects = {

/* Begin PBXBuildFile section */
		AC6769C12C1AB1890009D356 /* WBMessengerApp.swift in Sources */ = {isa = PBXBuildFile; fileRef = AC6769C02C1AB1890009D356 /* WBMessengerApp.swift */; };
		AC6769C32C1AB1890009D356 /* ContentView.swift in Sources */ = {isa = PBXBuildFile; fileRef = AC6769C22C1AB1890009D356 /* ContentView.swift */; };
		AC6769C52C1AB18B0009D356 /* Assets.xcassets in Resources */ = {isa = PBXBuildFile; fileRef = AC6769C42C1AB18B0009D356 /* Assets.xcassets */; };
		AC6769C82C1AB18B0009D356 /* Preview Assets.xcassets in Resources */ = {isa = PBXBuildFile; fileRef = AC6769C72C1AB18B0009D356 /* Preview Assets.xcassets */; };
		AC793C202C1AC16900BFDA4D /* TermsOfUseView.swift in Sources */ = {isa = PBXBuildFile; fileRef = AC793C1F2C1AC16900BFDA4D /* TermsOfUseView.swift */; };
		AC793C222C1AC96B00BFDA4D /* ContactsView.swift in Sources */ = {isa = PBXBuildFile; fileRef = AC793C212C1AC96B00BFDA4D /* ContactsView.swift */; };
		AC793C262C1AC9F000BFDA4D /* ProfileAccountView.swift in Sources */ = {isa = PBXBuildFile; fileRef = AC793C252C1AC9F000BFDA4D /* ProfileAccountView.swift */; };
		AC793C282C1ACA6700BFDA4D /* ContactModel.swift in Sources */ = {isa = PBXBuildFile; fileRef = AC793C272C1ACA6700BFDA4D /* ContactModel.swift */; };
		AC793C2A2C1AD70100BFDA4D /* AvatarView.swift in Sources */ = {isa = PBXBuildFile; fileRef = AC793C292C1AD70100BFDA4D /* AvatarView.swift */; };
		AC793C2C2C1AE0E400BFDA4D /* SocialButtonsView.swift in Sources */ = {isa = PBXBuildFile; fileRef = AC793C2B2C1AE0E400BFDA4D /* SocialButtonsView.swift */; };
		ACF0E6E02C1AB338008787E6 /* WalkthroughView.swift in Sources */ = {isa = PBXBuildFile; fileRef = ACF0E6DF2C1AB338008787E6 /* WalkthroughView.swift */; };
		ACF0E6E22C1AB364008787E6 /* UserAgreementButton.swift in Sources */ = {isa = PBXBuildFile; fileRef = ACF0E6E12C1AB364008787E6 /* UserAgreementButton.swift */; };
		ACF0E6E42C1AB36F008787E6 /* LoginButtonView.swift in Sources */ = {isa = PBXBuildFile; fileRef = ACF0E6E32C1AB36F008787E6 /* LoginButtonView.swift */; };
		ACF0E6E62C1AB3B4008787E6 /* UserAgreementView.swift in Sources */ = {isa = PBXBuildFile; fileRef = ACF0E6E52C1AB3B4008787E6 /* UserAgreementView.swift */; };
		ACF0E6E92C1AB539008787E6 /* AuthorizationView.swift in Sources */ = {isa = PBXBuildFile; fileRef = ACF0E6E82C1AB539008787E6 /* AuthorizationView.swift */; };
/* End PBXBuildFile section */

/* Begin PBXFileReference section */
		AC6769BD2C1AB1890009D356 /* WBMessenger.app */ = {isa = PBXFileReference; explicitFileType = wrapper.application; includeInIndex = 0; path = WBMessenger.app; sourceTree = BUILT_PRODUCTS_DIR; };
		AC6769C02C1AB1890009D356 /* WBMessengerApp.swift */ = {isa = PBXFileReference; lastKnownFileType = sourcecode.swift; path = WBMessengerApp.swift; sourceTree = "<group>"; };
		AC6769C22C1AB1890009D356 /* ContentView.swift */ = {isa = PBXFileReference; lastKnownFileType = sourcecode.swift; path = ContentView.swift; sourceTree = "<group>"; };
		AC6769C42C1AB18B0009D356 /* Assets.xcassets */ = {isa = PBXFileReference; lastKnownFileType = folder.assetcatalog; path = Assets.xcassets; sourceTree = "<group>"; };
		AC6769C72C1AB18B0009D356 /* Preview Assets.xcassets */ = {isa = PBXFileReference; lastKnownFileType = folder.assetcatalog; path = "Preview Assets.xcassets"; sourceTree = "<group>"; };
		AC793C1F2C1AC16900BFDA4D /* TermsOfUseView.swift */ = {isa = PBXFileReference; lastKnownFileType = sourcecode.swift; path = TermsOfUseView.swift; sourceTree = "<group>"; };
		AC793C212C1AC96B00BFDA4D /* ContactsView.swift */ = {isa = PBXFileReference; lastKnownFileType = sourcecode.swift; path = ContactsView.swift; sourceTree = "<group>"; };
		AC793C252C1AC9F000BFDA4D /* ProfileAccountView.swift */ = {isa = PBXFileReference; lastKnownFileType = sourcecode.swift; path = ProfileAccountView.swift; sourceTree = "<group>"; };
		AC793C272C1ACA6700BFDA4D /* ContactModel.swift */ = {isa = PBXFileReference; lastKnownFileType = sourcecode.swift; path = ContactModel.swift; sourceTree = "<group>"; };
		AC793C292C1AD70100BFDA4D /* AvatarView.swift */ = {isa = PBXFileReference; lastKnownFileType = sourcecode.swift; path = AvatarView.swift; sourceTree = "<group>"; };
		AC793C2B2C1AE0E400BFDA4D /* SocialButtonsView.swift */ = {isa = PBXFileReference; lastKnownFileType = sourcecode.swift; path = SocialButtonsView.swift; sourceTree = "<group>"; };
		ACF0E6DF2C1AB338008787E6 /* WalkthroughView.swift */ = {isa = PBXFileReference; lastKnownFileType = sourcecode.swift; path = WalkthroughView.swift; sourceTree = "<group>"; };
		ACF0E6E12C1AB364008787E6 /* UserAgreementButton.swift */ = {isa = PBXFileReference; lastKnownFileType = sourcecode.swift; path = UserAgreementButton.swift; sourceTree = "<group>"; };
		ACF0E6E32C1AB36F008787E6 /* LoginButtonView.swift */ = {isa = PBXFileReference; lastKnownFileType = sourcecode.swift; path = LoginButtonView.swift; sourceTree = "<group>"; };
		ACF0E6E52C1AB3B4008787E6 /* UserAgreementView.swift */ = {isa = PBXFileReference; lastKnownFileType = sourcecode.swift; path = UserAgreementView.swift; sourceTree = "<group>"; };
		ACF0E6E82C1AB539008787E6 /* AuthorizationView.swift */ = {isa = PBXFileReference; lastKnownFileType = sourcecode.swift; path = AuthorizationView.swift; sourceTree = "<group>"; };
/* End PBXFileReference section */

/* Begin PBXFrameworksBuildPhase section */
		AC6769BA2C1AB1890009D356 /* Frameworks */ = {
			isa = PBXFrameworksBuildPhase;
			buildActionMask = 2147483647;
			files = (
			);
			runOnlyForDeploymentPostprocessing = 0;
		};
/* End PBXFrameworksBuildPhase section */

/* Begin PBXGroup section */
		AC6769B42C1AB1890009D356 = {
			isa = PBXGroup;
			children = (
				AC6769BF2C1AB1890009D356 /* WBMessenger */,
				AC6769BE2C1AB1890009D356 /* Products */,
			);
			sourceTree = "<group>";
		};
		AC6769BE2C1AB1890009D356 /* Products */ = {
			isa = PBXGroup;
			children = (
				AC6769BD2C1AB1890009D356 /* WBMessenger.app */,
			);
			name = Products;
			sourceTree = "<group>";
		};
		AC6769BF2C1AB1890009D356 /* WBMessenger */ = {
			isa = PBXGroup;
			children = (
				AC6769C02C1AB1890009D356 /* WBMessengerApp.swift */,
				AC6769C22C1AB1890009D356 /* ContentView.swift */,
				ACF0E6EB2C1AB6FF008787E6 /* Views */,
				AC793C232C1AC97500BFDA4D /* Models */,
				AC6769C42C1AB18B0009D356 /* Assets.xcassets */,
				AC6769C62C1AB18B0009D356 /* Preview Content */,
			);
			path = WBMessenger;
			sourceTree = "<group>";
		};
		AC6769C62C1AB18B0009D356 /* Preview Content */ = {
			isa = PBXGroup;
			children = (
				AC6769C72C1AB18B0009D356 /* Preview Assets.xcassets */,
			);
			path = "Preview Content";
			sourceTree = "<group>";
		};
		AC793C232C1AC97500BFDA4D /* Models */ = {
			isa = PBXGroup;
			children = (
				AC793C272C1ACA6700BFDA4D /* ContactModel.swift */,
			);
			path = Models;
			sourceTree = "<group>";
		};
		AC793C242C1AC9D400BFDA4D /* ProfileAccountView */ = {
			isa = PBXGroup;
			children = (
				AC793C252C1AC9F000BFDA4D /* ProfileAccountView.swift */,
				AC793C292C1AD70100BFDA4D /* AvatarView.swift */,
				AC793C2B2C1AE0E400BFDA4D /* SocialButtonsView.swift */,
			);
			path = ProfileAccountView;
			sourceTree = "<group>";
		};
		ACF0E6DE2C1AB2F1008787E6 /* WalkthroughView */ = {
			isa = PBXGroup;
			children = (
				ACF0E6DF2C1AB338008787E6 /* WalkthroughView.swift */,
				ACF0E6E12C1AB364008787E6 /* UserAgreementButton.swift */,
				ACF0E6E32C1AB36F008787E6 /* LoginButtonView.swift */,
				ACF0E6E52C1AB3B4008787E6 /* UserAgreementView.swift */,
				AC793C1F2C1AC16900BFDA4D /* TermsOfUseView.swift */,
			);
			path = WalkthroughView;
			sourceTree = "<group>";
		};
		ACF0E6E72C1AB52B008787E6 /* AuthorizationView */ = {
			isa = PBXGroup;
			children = (
				ACF0E6E82C1AB539008787E6 /* AuthorizationView.swift */,
			);
			path = AuthorizationView;
			sourceTree = "<group>";
		};
		ACF0E6EA2C1AB6ED008787E6 /* ContactView */ = {
			isa = PBXGroup;
			children = (
				AC793C212C1AC96B00BFDA4D /* ContactsView.swift */,
			);
			path = ContactView;
			sourceTree = "<group>";
		};
		ACF0E6EB2C1AB6FF008787E6 /* Views */ = {
			isa = PBXGroup;
			children = (
				ACF0E6DE2C1AB2F1008787E6 /* WalkthroughView */,
				ACF0E6E72C1AB52B008787E6 /* AuthorizationView */,
				ACF0E6EA2C1AB6ED008787E6 /* ContactView */,
				AC793C242C1AC9D400BFDA4D /* ProfileAccountView */,
			);
			path = Views;
			sourceTree = "<group>";
		};
/* End PBXGroup section */

/* Begin PBXNativeTarget section */
		AC6769BC2C1AB1890009D356 /* WBMessenger */ = {
			isa = PBXNativeTarget;
			buildConfigurationList = AC6769CB2C1AB18B0009D356 /* Build configuration list for PBXNativeTarget "WBMessenger" */;
			buildPhases = (
				AC6769B92C1AB1890009D356 /* Sources */,
				AC6769BA2C1AB1890009D356 /* Frameworks */,
				AC6769BB2C1AB1890009D356 /* Resources */,
			);
			buildRules = (
			);
			dependencies = (
			);
			name = WBMessenger;
			productName = WBMessenger;
			productReference = AC6769BD2C1AB1890009D356 /* WBMessenger.app */;
			productType = "com.apple.product-type.application";
		};
/* End PBXNativeTarget section */

/* Begin PBXProject section */
		AC6769B52C1AB1890009D356 /* Project object */ = {
			isa = PBXProject;
			attributes = {
				BuildIndependentTargetsInParallel = 1;
				LastSwiftUpdateCheck = 1520;
				LastUpgradeCheck = 1520;
				TargetAttributes = {
					AC6769BC2C1AB1890009D356 = {
						CreatedOnToolsVersion = 15.2;
					};
				};
			};
			buildConfigurationList = AC6769B82C1AB1890009D356 /* Build configuration list for PBXProject "WBMessenger" */;
			compatibilityVersion = "Xcode 14.0";
			developmentRegion = en;
			hasScannedForEncodings = 0;
			knownRegions = (
				en,
				Base,
			);
			mainGroup = AC6769B42C1AB1890009D356;
			productRefGroup = AC6769BE2C1AB1890009D356 /* Products */;
			projectDirPath = "";
			projectRoot = "";
			targets = (
				AC6769BC2C1AB1890009D356 /* WBMessenger */,
			);
		};
/* End PBXProject section */

/* Begin PBXResourcesBuildPhase section */
		AC6769BB2C1AB1890009D356 /* Resources */ = {
			isa = PBXResourcesBuildPhase;
			buildActionMask = 2147483647;
			files = (
				AC6769C82C1AB18B0009D356 /* Preview Assets.xcassets in Resources */,
				AC6769C52C1AB18B0009D356 /* Assets.xcassets in Resources */,
			);
			runOnlyForDeploymentPostprocessing = 0;
		};
/* End PBXResourcesBuildPhase section */

/* Begin PBXSourcesBuildPhase section */
		AC6769B92C1AB1890009D356 /* Sources */ = {
			isa = PBXSourcesBuildPhase;
			buildActionMask = 2147483647;
			files = (
				AC6769C32C1AB1890009D356 /* ContentView.swift in Sources */,
				AC793C2A2C1AD70100BFDA4D /* AvatarView.swift in Sources */,
				AC6769C12C1AB1890009D356 /* WBMessengerApp.swift in Sources */,
				ACF0E6E02C1AB338008787E6 /* WalkthroughView.swift in Sources */,
				ACF0E6E22C1AB364008787E6 /* UserAgreementButton.swift in Sources */,
				AC793C2C2C1AE0E400BFDA4D /* SocialButtonsView.swift in Sources */,
				AC793C262C1AC9F000BFDA4D /* ProfileAccountView.swift in Sources */,
				ACF0E6E62C1AB3B4008787E6 /* UserAgreementView.swift in Sources */,
				ACF0E6E92C1AB539008787E6 /* AuthorizationView.swift in Sources */,
				AC793C222C1AC96B00BFDA4D /* ContactsView.swift in Sources */,
				ACF0E6E42C1AB36F008787E6 /* LoginButtonView.swift in Sources */,
				AC793C202C1AC16900BFDA4D /* TermsOfUseView.swift in Sources */,
				AC793C282C1ACA6700BFDA4D /* ContactModel.swift in Sources */,
			);
			runOnlyForDeploymentPostprocessing = 0;
		};
/* End PBXSourcesBuildPhase section */

/* Begin XCBuildConfiguration section */
		AC6769C92C1AB18B0009D356 /* Debug */ = {
			isa = XCBuildConfiguration;
			buildSettings = {
				ALWAYS_SEARCH_USER_PATHS = NO;
				ASSETCATALOG_COMPILER_GENERATE_SWIFT_ASSET_SYMBOL_EXTENSIONS = YES;
				CLANG_ANALYZER_NONNULL = YES;
				CLANG_ANALYZER_NUMBER_OBJECT_CONVERSION = YES_AGGRESSIVE;
				CLANG_CXX_LANGUAGE_STANDARD = "gnu++20";
				CLANG_ENABLE_MODULES = YES;
				CLANG_ENABLE_OBJC_ARC = YES;
				CLANG_ENABLE_OBJC_WEAK = YES;
				CLANG_WARN_BLOCK_CAPTURE_AUTORELEASING = YES;
				CLANG_WARN_BOOL_CONVERSION = YES;
				CLANG_WARN_COMMA = YES;
				CLANG_WARN_CONSTANT_CONVERSION = YES;
				CLANG_WARN_DEPRECATED_OBJC_IMPLEMENTATIONS = YES;
				CLANG_WARN_DIRECT_OBJC_ISA_USAGE = YES_ERROR;
				CLANG_WARN_DOCUMENTATION_COMMENTS = YES;
				CLANG_WARN_EMPTY_BODY = YES;
				CLANG_WARN_ENUM_CONVERSION = YES;
				CLANG_WARN_INFINITE_RECURSION = YES;
				CLANG_WARN_INT_CONVERSION = YES;
				CLANG_WARN_NON_LITERAL_NULL_CONVERSION = YES;
				CLANG_WARN_OBJC_IMPLICIT_RETAIN_SELF = YES;
				CLANG_WARN_OBJC_LITERAL_CONVERSION = YES;
				CLANG_WARN_OBJC_ROOT_CLASS = YES_ERROR;
				CLANG_WARN_QUOTED_INCLUDE_IN_FRAMEWORK_HEADER = YES;
				CLANG_WARN_RANGE_LOOP_ANALYSIS = YES;
				CLANG_WARN_STRICT_PROTOTYPES = YES;
				CLANG_WARN_SUSPICIOUS_MOVE = YES;
				CLANG_WARN_UNGUARDED_AVAILABILITY = YES_AGGRESSIVE;
				CLANG_WARN_UNREACHABLE_CODE = YES;
				CLANG_WARN__DUPLICATE_METHOD_MATCH = YES;
				COPY_PHASE_STRIP = NO;
				DEBUG_INFORMATION_FORMAT = dwarf;
				ENABLE_STRICT_OBJC_MSGSEND = YES;
				ENABLE_TESTABILITY = YES;
				ENABLE_USER_SCRIPT_SANDBOXING = YES;
				GCC_C_LANGUAGE_STANDARD = gnu17;
				GCC_DYNAMIC_NO_PIC = NO;
				GCC_NO_COMMON_BLOCKS = YES;
				GCC_OPTIMIZATION_LEVEL = 0;
				GCC_PREPROCESSOR_DEFINITIONS = (
					"DEBUG=1",
					"$(inherited)",
				);
				GCC_WARN_64_TO_32_BIT_CONVERSION = YES;
				GCC_WARN_ABOUT_RETURN_TYPE = YES_ERROR;
				GCC_WARN_UNDECLARED_SELECTOR = YES;
				GCC_WARN_UNINITIALIZED_AUTOS = YES_AGGRESSIVE;
				GCC_WARN_UNUSED_FUNCTION = YES;
				GCC_WARN_UNUSED_VARIABLE = YES;
				IPHONEOS_DEPLOYMENT_TARGET = 17.0;
				LOCALIZATION_PREFERS_STRING_CATALOGS = YES;
				MTL_ENABLE_DEBUG_INFO = INCLUDE_SOURCE;
				MTL_FAST_MATH = YES;
				ONLY_ACTIVE_ARCH = YES;
				SDKROOT = iphoneos;
				SWIFT_ACTIVE_COMPILATION_CONDITIONS = "DEBUG $(inherited)";
				SWIFT_OPTIMIZATION_LEVEL = "-Onone";
			};
			name = Debug;
		};
		AC6769CA2C1AB18B0009D356 /* Release */ = {
			isa = XCBuildConfiguration;
			buildSettings = {
				ALWAYS_SEARCH_USER_PATHS = NO;
				ASSETCATALOG_COMPILER_GENERATE_SWIFT_ASSET_SYMBOL_EXTENSIONS = YES;
				CLANG_ANALYZER_NONNULL = YES;
				CLANG_ANALYZER_NUMBER_OBJECT_CONVERSION = YES_AGGRESSIVE;
				CLANG_CXX_LANGUAGE_STANDARD = "gnu++20";
				CLANG_ENABLE_MODULES = YES;
				CLANG_ENABLE_OBJC_ARC = YES;
				CLANG_ENABLE_OBJC_WEAK = YES;
				CLANG_WARN_BLOCK_CAPTURE_AUTORELEASING = YES;
				CLANG_WARN_BOOL_CONVERSION = YES;
				CLANG_WARN_COMMA = YES;
				CLANG_WARN_CONSTANT_CONVERSION = YES;
				CLANG_WARN_DEPRECATED_OBJC_IMPLEMENTATIONS = YES;
				CLANG_WARN_DIRECT_OBJC_ISA_USAGE = YES_ERROR;
				CLANG_WARN_DOCUMENTATION_COMMENTS = YES;
				CLANG_WARN_EMPTY_BODY = YES;
				CLANG_WARN_ENUM_CONVERSION = YES;
				CLANG_WARN_INFINITE_RECURSION = YES;
				CLANG_WARN_INT_CONVERSION = YES;
				CLANG_WARN_NON_LITERAL_NULL_CONVERSION = YES;
				CLANG_WARN_OBJC_IMPLICIT_RETAIN_SELF = YES;
				CLANG_WARN_OBJC_LITERAL_CONVERSION = YES;
				CLANG_WARN_OBJC_ROOT_CLASS = YES_ERROR;
				CLANG_WARN_QUOTED_INCLUDE_IN_FRAMEWORK_HEADER = YES;
				CLANG_WARN_RANGE_LOOP_ANALYSIS = YES;
				CLANG_WARN_STRICT_PROTOTYPES = YES;
				CLANG_WARN_SUSPICIOUS_MOVE = YES;
				CLANG_WARN_UNGUARDED_AVAILABILITY = YES_AGGRESSIVE;
				CLANG_WARN_UNREACHABLE_CODE = YES;
				CLANG_WARN__DUPLICATE_METHOD_MATCH = YES;
				COPY_PHASE_STRIP = NO;
				DEBUG_INFORMATION_FORMAT = "dwarf-with-dsym";
				ENABLE_NS_ASSERTIONS = NO;
				ENABLE_STRICT_OBJC_MSGSEND = YES;
				ENABLE_USER_SCRIPT_SANDBOXING = YES;
				GCC_C_LANGUAGE_STANDARD = gnu17;
				GCC_NO_COMMON_BLOCKS = YES;
				GCC_WARN_64_TO_32_BIT_CONVERSION = YES;
				GCC_WARN_ABOUT_RETURN_TYPE = YES_ERROR;
				GCC_WARN_UNDECLARED_SELECTOR = YES;
				GCC_WARN_UNINITIALIZED_AUTOS = YES_AGGRESSIVE;
				GCC_WARN_UNUSED_FUNCTION = YES;
				GCC_WARN_UNUSED_VARIABLE = YES;
				IPHONEOS_DEPLOYMENT_TARGET = 17.0;
				LOCALIZATION_PREFERS_STRING_CATALOGS = YES;
				MTL_ENABLE_DEBUG_INFO = NO;
				MTL_FAST_MATH = YES;
				SDKROOT = iphoneos;
				SWIFT_COMPILATION_MODE = wholemodule;
				VALIDATE_PRODUCT = YES;
			};
			name = Release;
		};
		AC6769CC2C1AB18B0009D356 /* Debug */ = {
			isa = XCBuildConfiguration;
			buildSettings = {
				ASSETCATALOG_COMPILER_APPICON_NAME = AppIcon;
				ASSETCATALOG_COMPILER_GLOBAL_ACCENT_COLOR_NAME = AccentColor;
				CODE_SIGN_STYLE = Automatic;
				CURRENT_PROJECT_VERSION = 1;
				DEVELOPMENT_ASSET_PATHS = "\"WBMessenger/Preview Content\"";
				DEVELOPMENT_TEAM = JBDPFCSGM2;
				ENABLE_PREVIEWS = YES;
				GENERATE_INFOPLIST_FILE = YES;
				INFOPLIST_KEY_UIApplicationSceneManifest_Generation = YES;
				INFOPLIST_KEY_UIApplicationSupportsIndirectInputEvents = YES;
				INFOPLIST_KEY_UILaunchScreen_Generation = YES;
				INFOPLIST_KEY_UISupportedInterfaceOrientations_iPad = "UIInterfaceOrientationPortrait UIInterfaceOrientationPortraitUpsideDown UIInterfaceOrientationLandscapeLeft UIInterfaceOrientationLandscapeRight";
				INFOPLIST_KEY_UISupportedInterfaceOrientations_iPhone = "UIInterfaceOrientationPortrait UIInterfaceOrientationLandscapeLeft UIInterfaceOrientationLandscapeRight";
				IPHONEOS_DEPLOYMENT_TARGET = 17.0;
				LD_RUNPATH_SEARCH_PATHS = (
					"$(inherited)",
					"@executable_path/Frameworks",
				);
				MARKETING_VERSION = 1.0;
				PRODUCT_BUNDLE_IDENTIFIER = noychus.WBMessenger;
				PRODUCT_NAME = "$(TARGET_NAME)";
				SWIFT_EMIT_LOC_STRINGS = YES;
				SWIFT_VERSION = 5.0;
				TARGETED_DEVICE_FAMILY = "1,2";
			};
			name = Debug;
		};
		AC6769CD2C1AB18B0009D356 /* Release */ = {
			isa = XCBuildConfiguration;
			buildSettings = {
				ASSETCATALOG_COMPILER_APPICON_NAME = AppIcon;
				ASSETCATALOG_COMPILER_GLOBAL_ACCENT_COLOR_NAME = AccentColor;
				CODE_SIGN_STYLE = Automatic;
				CURRENT_PROJECT_VERSION = 1;
				DEVELOPMENT_ASSET_PATHS = "\"WBMessenger/Preview Content\"";
				DEVELOPMENT_TEAM = JBDPFCSGM2;
				ENABLE_PREVIEWS = YES;
				GENERATE_INFOPLIST_FILE = YES;
				INFOPLIST_KEY_UIApplicationSceneManifest_Generation = YES;
				INFOPLIST_KEY_UIApplicationSupportsIndirectInputEvents = YES;
				INFOPLIST_KEY_UILaunchScreen_Generation = YES;
				INFOPLIST_KEY_UISupportedInterfaceOrientations_iPad = "UIInterfaceOrientationPortrait UIInterfaceOrientationPortraitUpsideDown UIInterfaceOrientationLandscapeLeft UIInterfaceOrientationLandscapeRight";
				INFOPLIST_KEY_UISupportedInterfaceOrientations_iPhone = "UIInterfaceOrientationPortrait UIInterfaceOrientationLandscapeLeft UIInterfaceOrientationLandscapeRight";
				IPHONEOS_DEPLOYMENT_TARGET = 17.0;
				LD_RUNPATH_SEARCH_PATHS = (
					"$(inherited)",
					"@executable_path/Frameworks",
				);
				MARKETING_VERSION = 1.0;
				PRODUCT_BUNDLE_IDENTIFIER = noychus.WBMessenger;
				PRODUCT_NAME = "$(TARGET_NAME)";
				SWIFT_EMIT_LOC_STRINGS = YES;
				SWIFT_VERSION = 5.0;
				TARGETED_DEVICE_FAMILY = "1,2";
			};
			name = Release;
		};
/* End XCBuildConfiguration section */

/* Begin XCConfigurationList section */
		AC6769B82C1AB1890009D356 /* Build configuration list for PBXProject "WBMessenger" */ = {
			isa = XCConfigurationList;
			buildConfigurations = (
				AC6769C92C1AB18B0009D356 /* Debug */,
				AC6769CA2C1AB18B0009D356 /* Release */,
			);
			defaultConfigurationIsVisible = 0;
			defaultConfigurationName = Release;
		};
		AC6769CB2C1AB18B0009D356 /* Build configuration list for PBXNativeTarget "WBMessenger" */ = {
			isa = XCConfigurationList;
			buildConfigurations = (
				AC6769CC2C1AB18B0009D356 /* Debug */,
				AC6769CD2C1AB18B0009D356 /* Release */,
			);
			defaultConfigurationIsVisible = 0;
			defaultConfigurationName = Release;
		};
/* End XCConfigurationList section */
	};
	rootObject = AC6769B52C1AB1890009D356 /* Project object */;
}
