// !$*UTF8*$!
{
	archiveVersion = 1;
	classes = {
	};
	objectVersion = 56;
	objects = {

/* Begin PBXBuildFile section */
		AC2FAD872C209F3D003F46C8 /* ContactRowView.swift in Sources */ = {isa = PBXBuildFile; fileRef = AC2FAD862C209F3D003F46C8 /* ContactRowView.swift */; };
		AC2FAD892C20AB7C003F46C8 /* ContactAvatarView.swift in Sources */ = {isa = PBXBuildFile; fileRef = AC2FAD882C20AB7C003F46C8 /* ContactAvatarView.swift */; };
		AC2FAD8B2C20B64C003F46C8 /* SearchLineView.swift in Sources */ = {isa = PBXBuildFile; fileRef = AC2FAD8A2C20B64C003F46C8 /* SearchLineView.swift */; };
		AC6769C12C1AB1890009D356 /* WBMessengerApp.swift in Sources */ = {isa = PBXBuildFile; fileRef = AC6769C02C1AB1890009D356 /* WBMessengerApp.swift */; };
		AC6769C32C1AB1890009D356 /* ContentView.swift in Sources */ = {isa = PBXBuildFile; fileRef = AC6769C22C1AB1890009D356 /* ContentView.swift */; };
		AC6769C52C1AB18B0009D356 /* Assets.xcassets in Resources */ = {isa = PBXBuildFile; fileRef = AC6769C42C1AB18B0009D356 /* Assets.xcassets */; };
		AC6769C82C1AB18B0009D356 /* Preview Assets.xcassets in Resources */ = {isa = PBXBuildFile; fileRef = AC6769C72C1AB18B0009D356 /* Preview Assets.xcassets */; };
		AC793C202C1AC16900BFDA4D /* TermsOfUseView.swift in Sources */ = {isa = PBXBuildFile; fileRef = AC793C1F2C1AC16900BFDA4D /* TermsOfUseView.swift */; };
		AC793C222C1AC96B00BFDA4D /* ContactsView.swift in Sources */ = {isa = PBXBuildFile; fileRef = AC793C212C1AC96B00BFDA4D /* ContactsView.swift */; };
		AC793C262C1AC9F000BFDA4D /* ProfileAccountView.swift in Sources */ = {isa = PBXBuildFile; fileRef = AC793C252C1AC9F000BFDA4D /* ProfileAccountView.swift */; };
		AC793C282C1ACA6700BFDA4D /* ContactModel.swift in Sources */ = {isa = PBXBuildFile; fileRef = AC793C272C1ACA6700BFDA4D /* ContactModel.swift */; };
		AC793C2A2C1AD70100BFDA4D /* AvatarView.swift in Sources */ = {isa = PBXBuildFile; fileRef = AC793C292C1AD70100BFDA4D /* AvatarView.swift */; };
		AC793C2C2C1AE0E400BFDA4D /* SocialButtonsView.swift in Sources */ = {isa = PBXBuildFile; fileRef = AC793C2B2C1AE0E400BFDA4D /* SocialButtonsView.swift */; };
		ACACAF252C21F83E00E133A7 /* ContactDetailView.swift in Sources */ = {isa = PBXBuildFile; fileRef = ACACAF242C21F83E00E133A7 /* ContactDetailView.swift */; };
		ACACAF282C21FA3A00E133A7 /* ChatsView.swift in Sources */ = {isa = PBXBuildFile; fileRef = ACACAF272C21FA3A00E133A7 /* ChatsView.swift */; };
		ACACAF2B2C21FD2100E133A7 /* MenuView.swift in Sources */ = {isa = PBXBuildFile; fileRef = ACACAF2A2C21FD2100E133A7 /* MenuView.swift */; };
		ACACAF2E2C22059E00E133A7 /* Router.swift in Sources */ = {isa = PBXBuildFile; fileRef = ACACAF2D2C22059E00E133A7 /* Router.swift */; };
		ACACAF312C220D2200E133A7 /* NavigationBar.swift in Sources */ = {isa = PBXBuildFile; fileRef = ACACAF302C220D2200E133A7 /* NavigationBar.swift */; };
		ACACAF342C221F3100E133A7 /* ColorExtentions.swift in Sources */ = {isa = PBXBuildFile; fileRef = ACACAF332C221F3100E133A7 /* ColorExtentions.swift */; };
		ACF0E6E02C1AB338008787E6 /* WalkthroughView.swift in Sources */ = {isa = PBXBuildFile; fileRef = ACF0E6DF2C1AB338008787E6 /* WalkthroughView.swift */; };
		ACF0E6E22C1AB364008787E6 /* UserAgreementButton.swift in Sources */ = {isa = PBXBuildFile; fileRef = ACF0E6E12C1AB364008787E6 /* UserAgreementButton.swift */; };
		ACF0E6E42C1AB36F008787E6 /* LoginButtonView.swift in Sources */ = {isa = PBXBuildFile; fileRef = ACF0E6E32C1AB36F008787E6 /* LoginButtonView.swift */; };
		ACF0E6E62C1AB3B4008787E6 /* UserAgreementView.swift in Sources */ = {isa = PBXBuildFile; fileRef = ACF0E6E52C1AB3B4008787E6 /* UserAgreementView.swift */; };
		ACF0E6E92C1AB539008787E6 /* AuthorizationView.swift in Sources */ = {isa = PBXBuildFile; fileRef = ACF0E6E82C1AB539008787E6 /* AuthorizationView.swift */; };
		ACF51AFE2C2947EC00BD7820 /* WidgetKit.framework in Frameworks */ = {isa = PBXBuildFile; fileRef = ACF51AFD2C2947EC00BD7820 /* WidgetKit.framework */; };
		ACF51B002C2947EC00BD7820 /* SwiftUI.framework in Frameworks */ = {isa = PBXBuildFile; fileRef = ACF51AFF2C2947EC00BD7820 /* SwiftUI.framework */; };
		ACF51B032C2947EC00BD7820 /* WBMessengerWidgetBundle.swift in Sources */ = {isa = PBXBuildFile; fileRef = ACF51B022C2947EC00BD7820 /* WBMessengerWidgetBundle.swift */; };
		ACF51B052C2947EC00BD7820 /* WBMessengerWidgetLiveActivity.swift in Sources */ = {isa = PBXBuildFile; fileRef = ACF51B042C2947EC00BD7820 /* WBMessengerWidgetLiveActivity.swift */; };
		ACF51B072C2947EC00BD7820 /* WBMessengerWidget.swift in Sources */ = {isa = PBXBuildFile; fileRef = ACF51B062C2947EC00BD7820 /* WBMessengerWidget.swift */; };
		ACF51B092C2947EE00BD7820 /* Assets.xcassets in Resources */ = {isa = PBXBuildFile; fileRef = ACF51B082C2947EE00BD7820 /* Assets.xcassets */; };
		ACF51B0D2C2947EE00BD7820 /* WBMessengerWidgetExtension.appex in Embed Foundation Extensions */ = {isa = PBXBuildFile; fileRef = ACF51AFB2C2947EC00BD7820 /* WBMessengerWidgetExtension.appex */; settings = {ATTRIBUTES = (RemoveHeadersOnCopy, ); }; };
		ACF51B132C29483500BD7820 /* AppIntent.swift in Sources */ = {isa = PBXBuildFile; fileRef = ACF51B122C29483500BD7820 /* AppIntent.swift */; };
		ACF51B142C2948BE00BD7820 /* AppIntent.swift in Sources */ = {isa = PBXBuildFile; fileRef = ACF51B122C29483500BD7820 /* AppIntent.swift */; };
		ACF51B162C29490C00BD7820 /* DataRouter.swift in Sources */ = {isa = PBXBuildFile; fileRef = ACF51B152C29490C00BD7820 /* DataRouter.swift */; };
		ACF51B172C29490C00BD7820 /* DataRouter.swift in Sources */ = {isa = PBXBuildFile; fileRef = ACF51B152C29490C00BD7820 /* DataRouter.swift */; };
		ACF51B182C2949F300BD7820 /* ContactModel.swift in Sources */ = {isa = PBXBuildFile; fileRef = AC793C272C1ACA6700BFDA4D /* ContactModel.swift */; };
		ACF51B202C295DD000BD7820 /* ContactDelatilViewIntent.swift in Sources */ = {isa = PBXBuildFile; fileRef = ACF51AF42C29473000BD7820 /* ContactDelatilViewIntent.swift */; };
		ACF51B212C2962E500BD7820 /* Router.swift in Sources */ = {isa = PBXBuildFile; fileRef = ACACAF2D2C22059E00E133A7 /* Router.swift */; };
/* End PBXBuildFile section */

/* Begin PBXContainerItemProxy section */
		ACF51B0B2C2947EE00BD7820 /* PBXContainerItemProxy */ = {
			isa = PBXContainerItemProxy;
			containerPortal = AC6769B52C1AB1890009D356 /* Project object */;
			proxyType = 1;
			remoteGlobalIDString = ACF51AFA2C2947EC00BD7820;
			remoteInfo = WBMessengerWidgetExtension;
		};
/* End PBXContainerItemProxy section */

/* Begin PBXCopyFilesBuildPhase section */
		ACF51B112C2947EE00BD7820 /* Embed Foundation Extensions */ = {
			isa = PBXCopyFilesBuildPhase;
			buildActionMask = 2147483647;
			dstPath = "";
			dstSubfolderSpec = 13;
			files = (
				ACF51B0D2C2947EE00BD7820 /* WBMessengerWidgetExtension.appex in Embed Foundation Extensions */,
			);
			name = "Embed Foundation Extensions";
			runOnlyForDeploymentPostprocessing = 0;
		};
/* End PBXCopyFilesBuildPhase section */

/* Begin PBXFileReference section */
		AC2FAD862C209F3D003F46C8 /* ContactRowView.swift */ = {isa = PBXFileReference; lastKnownFileType = sourcecode.swift; path = ContactRowView.swift; sourceTree = "<group>"; };
		AC2FAD882C20AB7C003F46C8 /* ContactAvatarView.swift */ = {isa = PBXFileReference; lastKnownFileType = sourcecode.swift; path = ContactAvatarView.swift; sourceTree = "<group>"; };
		AC2FAD8A2C20B64C003F46C8 /* SearchLineView.swift */ = {isa = PBXFileReference; lastKnownFileType = sourcecode.swift; path = SearchLineView.swift; sourceTree = "<group>"; };
		AC6769BD2C1AB1890009D356 /* WBMessenger.app */ = {isa = PBXFileReference; explicitFileType = wrapper.application; includeInIndex = 0; path = WBMessenger.app; sourceTree = BUILT_PRODUCTS_DIR; };
		AC6769C02C1AB1890009D356 /* WBMessengerApp.swift */ = {isa = PBXFileReference; lastKnownFileType = sourcecode.swift; path = WBMessengerApp.swift; sourceTree = "<group>"; };
		AC6769C22C1AB1890009D356 /* ContentView.swift */ = {isa = PBXFileReference; lastKnownFileType = sourcecode.swift; path = ContentView.swift; sourceTree = "<group>"; };
		AC6769C42C1AB18B0009D356 /* Assets.xcassets */ = {isa = PBXFileReference; lastKnownFileType = folder.assetcatalog; path = Assets.xcassets; sourceTree = "<group>"; };
		AC6769C72C1AB18B0009D356 /* Preview Assets.xcassets */ = {isa = PBXFileReference; lastKnownFileType = folder.assetcatalog; path = "Preview Assets.xcassets"; sourceTree = "<group>"; };
		AC793C1F2C1AC16900BFDA4D /* TermsOfUseView.swift */ = {isa = PBXFileReference; lastKnownFileType = sourcecode.swift; path = TermsOfUseView.swift; sourceTree = "<group>"; };
		AC793C212C1AC96B00BFDA4D /* ContactsView.swift */ = {isa = PBXFileReference; lastKnownFileType = sourcecode.swift; path = ContactsView.swift; sourceTree = "<group>"; };
		AC793C252C1AC9F000BFDA4D /* ProfileAccountView.swift */ = {isa = PBXFileReference; lastKnownFileType = sourcecode.swift; path = ProfileAccountView.swift; sourceTree = "<group>"; };
		AC793C272C1ACA6700BFDA4D /* ContactModel.swift */ = {isa = PBXFileReference; lastKnownFileType = sourcecode.swift; path = ContactModel.swift; sourceTree = "<group>"; };
		AC793C292C1AD70100BFDA4D /* AvatarView.swift */ = {isa = PBXFileReference; lastKnownFileType = sourcecode.swift; path = AvatarView.swift; sourceTree = "<group>"; };
		AC793C2B2C1AE0E400BFDA4D /* SocialButtonsView.swift */ = {isa = PBXFileReference; lastKnownFileType = sourcecode.swift; path = SocialButtonsView.swift; sourceTree = "<group>"; };
		ACACAF242C21F83E00E133A7 /* ContactDetailView.swift */ = {isa = PBXFileReference; lastKnownFileType = sourcecode.swift; path = ContactDetailView.swift; sourceTree = "<group>"; };
		ACACAF272C21FA3A00E133A7 /* ChatsView.swift */ = {isa = PBXFileReference; lastKnownFileType = sourcecode.swift; path = ChatsView.swift; sourceTree = "<group>"; };
		ACACAF2A2C21FD2100E133A7 /* MenuView.swift */ = {isa = PBXFileReference; lastKnownFileType = sourcecode.swift; path = MenuView.swift; sourceTree = "<group>"; };
		ACACAF2D2C22059E00E133A7 /* Router.swift */ = {isa = PBXFileReference; lastKnownFileType = sourcecode.swift; path = Router.swift; sourceTree = "<group>"; };
		ACACAF302C220D2200E133A7 /* NavigationBar.swift */ = {isa = PBXFileReference; lastKnownFileType = sourcecode.swift; path = NavigationBar.swift; sourceTree = "<group>"; };
		ACACAF332C221F3100E133A7 /* ColorExtentions.swift */ = {isa = PBXFileReference; lastKnownFileType = sourcecode.swift; path = ColorExtentions.swift; sourceTree = "<group>"; };
		ACF0E6DF2C1AB338008787E6 /* WalkthroughView.swift */ = {isa = PBXFileReference; lastKnownFileType = sourcecode.swift; path = WalkthroughView.swift; sourceTree = "<group>"; };
		ACF0E6E12C1AB364008787E6 /* UserAgreementButton.swift */ = {isa = PBXFileReference; lastKnownFileType = sourcecode.swift; path = UserAgreementButton.swift; sourceTree = "<group>"; };
		ACF0E6E32C1AB36F008787E6 /* LoginButtonView.swift */ = {isa = PBXFileReference; lastKnownFileType = sourcecode.swift; path = LoginButtonView.swift; sourceTree = "<group>"; };
		ACF0E6E52C1AB3B4008787E6 /* UserAgreementView.swift */ = {isa = PBXFileReference; lastKnownFileType = sourcecode.swift; path = UserAgreementView.swift; sourceTree = "<group>"; };
		ACF0E6E82C1AB539008787E6 /* AuthorizationView.swift */ = {isa = PBXFileReference; lastKnownFileType = sourcecode.swift; path = AuthorizationView.swift; sourceTree = "<group>"; };
		ACF51AF42C29473000BD7820 /* ContactDelatilViewIntent.swift */ = {isa = PBXFileReference; lastKnownFileType = sourcecode.swift; path = ContactDelatilViewIntent.swift; sourceTree = "<group>"; };
		ACF51AF62C2947A100BD7820 /* Info.plist */ = {isa = PBXFileReference; lastKnownFileType = text.plist; path = Info.plist; sourceTree = "<group>"; };
		ACF51AFB2C2947EC00BD7820 /* WBMessengerWidgetExtension.appex */ = {isa = PBXFileReference; explicitFileType = "wrapper.app-extension"; includeInIndex = 0; path = WBMessengerWidgetExtension.appex; sourceTree = BUILT_PRODUCTS_DIR; };
		ACF51AFD2C2947EC00BD7820 /* WidgetKit.framework */ = {isa = PBXFileReference; lastKnownFileType = wrapper.framework; name = WidgetKit.framework; path = System/Library/Frameworks/WidgetKit.framework; sourceTree = SDKROOT; };
		ACF51AFF2C2947EC00BD7820 /* SwiftUI.framework */ = {isa = PBXFileReference; lastKnownFileType = wrapper.framework; name = SwiftUI.framework; path = System/Library/Frameworks/SwiftUI.framework; sourceTree = SDKROOT; };
		ACF51B022C2947EC00BD7820 /* WBMessengerWidgetBundle.swift */ = {isa = PBXFileReference; lastKnownFileType = sourcecode.swift; path = WBMessengerWidgetBundle.swift; sourceTree = "<group>"; };
		ACF51B042C2947EC00BD7820 /* WBMessengerWidgetLiveActivity.swift */ = {isa = PBXFileReference; lastKnownFileType = sourcecode.swift; path = WBMessengerWidgetLiveActivity.swift; sourceTree = "<group>"; };
		ACF51B062C2947EC00BD7820 /* WBMessengerWidget.swift */ = {isa = PBXFileReference; lastKnownFileType = sourcecode.swift; path = WBMessengerWidget.swift; sourceTree = "<group>"; };
		ACF51B082C2947EE00BD7820 /* Assets.xcassets */ = {isa = PBXFileReference; lastKnownFileType = folder.assetcatalog; path = Assets.xcassets; sourceTree = "<group>"; };
		ACF51B0A2C2947EE00BD7820 /* Info.plist */ = {isa = PBXFileReference; lastKnownFileType = text.plist.xml; path = Info.plist; sourceTree = "<group>"; };
		ACF51B122C29483500BD7820 /* AppIntent.swift */ = {isa = PBXFileReference; lastKnownFileType = sourcecode.swift; path = AppIntent.swift; sourceTree = "<group>"; };
		ACF51B152C29490C00BD7820 /* DataRouter.swift */ = {isa = PBXFileReference; lastKnownFileType = sourcecode.swift; path = DataRouter.swift; sourceTree = "<group>"; };
		ACF51B1B2C294E2C00BD7820 /* WBMessenger.entitlements */ = {isa = PBXFileReference; lastKnownFileType = text.plist.entitlements; path = WBMessenger.entitlements; sourceTree = "<group>"; };
		ACF51B1C2C294E5000BD7820 /* WBMessengerWidgetExtension.entitlements */ = {isa = PBXFileReference; lastKnownFileType = text.plist.entitlements; path = WBMessengerWidgetExtension.entitlements; sourceTree = "<group>"; };
/* End PBXFileReference section */

/* Begin PBXFrameworksBuildPhase section */
		AC6769BA2C1AB1890009D356 /* Frameworks */ = {
			isa = PBXFrameworksBuildPhase;
			buildActionMask = 2147483647;
			files = (
			);
			runOnlyForDeploymentPostprocessing = 0;
		};
		ACF51AF82C2947EC00BD7820 /* Frameworks */ = {
			isa = PBXFrameworksBuildPhase;
			buildActionMask = 2147483647;
			files = (
				ACF51B002C2947EC00BD7820 /* SwiftUI.framework in Frameworks */,
				ACF51AFE2C2947EC00BD7820 /* WidgetKit.framework in Frameworks */,
			);
			runOnlyForDeploymentPostprocessing = 0;
		};
/* End PBXFrameworksBuildPhase section */

/* Begin PBXGroup section */
		AC6769B42C1AB1890009D356 = {
			isa = PBXGroup;
			children = (
				ACF51B1C2C294E5000BD7820 /* WBMessengerWidgetExtension.entitlements */,
				AC6769BF2C1AB1890009D356 /* WBMessenger */,
				ACF51B012C2947EC00BD7820 /* WBMessengerWidget */,
				ACF51AFC2C2947EC00BD7820 /* Frameworks */,
				AC6769BE2C1AB1890009D356 /* Products */,
			);
			sourceTree = "<group>";
		};
		AC6769BE2C1AB1890009D356 /* Products */ = {
			isa = PBXGroup;
			children = (
				AC6769BD2C1AB1890009D356 /* WBMessenger.app */,
				ACF51AFB2C2947EC00BD7820 /* WBMessengerWidgetExtension.appex */,
			);
			name = Products;
			sourceTree = "<group>";
		};
		AC6769BF2C1AB1890009D356 /* WBMessenger */ = {
			isa = PBXGroup;
			children = (
				ACF51B1B2C294E2C00BD7820 /* WBMessenger.entitlements */,
				ACF51AF62C2947A100BD7820 /* Info.plist */,
				AC6769C02C1AB1890009D356 /* WBMessengerApp.swift */,
				AC6769C22C1AB1890009D356 /* ContentView.swift */,
				ACF0E6EB2C1AB6FF008787E6 /* Views */,
				AC793C232C1AC97500BFDA4D /* Models */,
				ACACAF322C221F1700E133A7 /* Extentions */,
				ACACAF2C2C22057200E133A7 /* Services */,
				AC6769C42C1AB18B0009D356 /* Assets.xcassets */,
				AC6769C62C1AB18B0009D356 /* Preview Content */,
			);
			path = WBMessenger;
			sourceTree = "<group>";
		};
		AC6769C62C1AB18B0009D356 /* Preview Content */ = {
			isa = PBXGroup;
			children = (
				AC6769C72C1AB18B0009D356 /* Preview Assets.xcassets */,
			);
			path = "Preview Content";
			sourceTree = "<group>";
		};
		AC793C232C1AC97500BFDA4D /* Models */ = {
			isa = PBXGroup;
			children = (
				AC793C272C1ACA6700BFDA4D /* ContactModel.swift */,
			);
			path = Models;
			sourceTree = "<group>";
		};
		AC793C242C1AC9D400BFDA4D /* ProfileAccountView */ = {
			isa = PBXGroup;
			children = (
				AC793C252C1AC9F000BFDA4D /* ProfileAccountView.swift */,
				AC793C292C1AD70100BFDA4D /* AvatarView.swift */,
				AC793C2B2C1AE0E400BFDA4D /* SocialButtonsView.swift */,
			);
			path = ProfileAccountView;
			sourceTree = "<group>";
		};
		ACACAF262C21FA1700E133A7 /* ChatsView */ = {
			isa = PBXGroup;
			children = (
				ACACAF272C21FA3A00E133A7 /* ChatsView.swift */,
			);
			path = ChatsView;
			sourceTree = "<group>";
		};
		ACACAF292C21FD1300E133A7 /* MenuView */ = {
			isa = PBXGroup;
			children = (
				ACACAF2A2C21FD2100E133A7 /* MenuView.swift */,
			);
			path = MenuView;
			sourceTree = "<group>";
		};
		ACACAF2C2C22057200E133A7 /* Services */ = {
			isa = PBXGroup;
			children = (
				ACACAF2D2C22059E00E133A7 /* Router.swift */,
				ACF51B152C29490C00BD7820 /* DataRouter.swift */,
				ACF51AF42C29473000BD7820 /* ContactDelatilViewIntent.swift */,
			);
			path = Services;
			sourceTree = "<group>";
		};
		ACACAF2F2C220D0700E133A7 /* NavigationBarView */ = {
			isa = PBXGroup;
			children = (
				ACACAF302C220D2200E133A7 /* NavigationBar.swift */,
			);
			path = NavigationBarView;
			sourceTree = "<group>";
		};
		ACACAF322C221F1700E133A7 /* Extentions */ = {
			isa = PBXGroup;
			children = (
				ACACAF332C221F3100E133A7 /* ColorExtentions.swift */,
			);
			path = Extentions;
			sourceTree = "<group>";
		};
		ACF0E6DE2C1AB2F1008787E6 /* WalkthroughView */ = {
			isa = PBXGroup;
			children = (
				ACF0E6DF2C1AB338008787E6 /* WalkthroughView.swift */,
				ACF0E6E12C1AB364008787E6 /* UserAgreementButton.swift */,
				ACF0E6E32C1AB36F008787E6 /* LoginButtonView.swift */,
				ACF0E6E52C1AB3B4008787E6 /* UserAgreementView.swift */,
				AC793C1F2C1AC16900BFDA4D /* TermsOfUseView.swift */,
			);
			path = WalkthroughView;
			sourceTree = "<group>";
		};
		ACF0E6E72C1AB52B008787E6 /* AuthorizationView */ = {
			isa = PBXGroup;
			children = (
				ACF0E6E82C1AB539008787E6 /* AuthorizationView.swift */,
			);
			path = AuthorizationView;
			sourceTree = "<group>";
		};
		ACF0E6EA2C1AB6ED008787E6 /* ContactView */ = {
			isa = PBXGroup;
			children = (
				AC793C212C1AC96B00BFDA4D /* ContactsView.swift */,
				AC2FAD8A2C20B64C003F46C8 /* SearchLineView.swift */,
				AC2FAD862C209F3D003F46C8 /* ContactRowView.swift */,
				ACACAF242C21F83E00E133A7 /* ContactDetailView.swift */,
				AC2FAD882C20AB7C003F46C8 /* ContactAvatarView.swift */,
			);
			path = ContactView;
			sourceTree = "<group>";
		};
		ACF0E6EB2C1AB6FF008787E6 /* Views */ = {
			isa = PBXGroup;
			children = (
				ACACAF2F2C220D0700E133A7 /* NavigationBarView */,
				ACF0E6DE2C1AB2F1008787E6 /* WalkthroughView */,
				ACF0E6E72C1AB52B008787E6 /* AuthorizationView */,
				ACACAF262C21FA1700E133A7 /* ChatsView */,
				ACF0E6EA2C1AB6ED008787E6 /* ContactView */,
				AC793C242C1AC9D400BFDA4D /* ProfileAccountView */,
				ACACAF292C21FD1300E133A7 /* MenuView */,
			);
			path = Views;
			sourceTree = "<group>";
		};
		ACF51AFC2C2947EC00BD7820 /* Frameworks */ = {
			isa = PBXGroup;
			children = (
				ACF51AFD2C2947EC00BD7820 /* WidgetKit.framework */,
				ACF51AFF2C2947EC00BD7820 /* SwiftUI.framework */,
			);
			name = Frameworks;
			sourceTree = "<group>";
		};
		ACF51B012C2947EC00BD7820 /* WBMessengerWidget */ = {
			isa = PBXGroup;
			children = (
				ACF51B022C2947EC00BD7820 /* WBMessengerWidgetBundle.swift */,
				ACF51B042C2947EC00BD7820 /* WBMessengerWidgetLiveActivity.swift */,
				ACF51B062C2947EC00BD7820 /* WBMessengerWidget.swift */,
				ACF51B122C29483500BD7820 /* AppIntent.swift */,
				ACF51B082C2947EE00BD7820 /* Assets.xcassets */,
				ACF51B0A2C2947EE00BD7820 /* Info.plist */,
			);
			path = WBMessengerWidget;
			sourceTree = "<group>";
		};
/* End PBXGroup section */

/* Begin PBXNativeTarget section */
		AC6769BC2C1AB1890009D356 /* WBMessenger */ = {
			isa = PBXNativeTarget;
			buildConfigurationList = AC6769CB2C1AB18B0009D356 /* Build configuration list for PBXNativeTarget "WBMessenger" */;
			buildPhases = (
				AC6769B92C1AB1890009D356 /* Sources */,
				AC6769BA2C1AB1890009D356 /* Frameworks */,
				AC6769BB2C1AB1890009D356 /* Resources */,
				ACF51B112C2947EE00BD7820 /* Embed Foundation Extensions */,
			);
			buildRules = (
			);
			dependencies = (
				ACF51B0C2C2947EE00BD7820 /* PBXTargetDependency */,
			);
			name = WBMessenger;
			productName = WBMessenger;
			productReference = AC6769BD2C1AB1890009D356 /* WBMessenger.app */;
			productType = "com.apple.product-type.application";
		};
		ACF51AFA2C2947EC00BD7820 /* WBMessengerWidgetExtension */ = {
			isa = PBXNativeTarget;
			buildConfigurationList = ACF51B0E2C2947EE00BD7820 /* Build configuration list for PBXNativeTarget "WBMessengerWidgetExtension" */;
			buildPhases = (
				ACF51AF72C2947EC00BD7820 /* Sources */,
				ACF51AF82C2947EC00BD7820 /* Frameworks */,
				ACF51AF92C2947EC00BD7820 /* Resources */,
			);
			buildRules = (
			);
			dependencies = (
			);
			name = WBMessengerWidgetExtension;
			productName = WBMessengerWidgetExtension;
			productReference = ACF51AFB2C2947EC00BD7820 /* WBMessengerWidgetExtension.appex */;
			productType = "com.apple.product-type.app-extension";
		};
/* End PBXNativeTarget section */

/* Begin PBXProject section */
		AC6769B52C1AB1890009D356 /* Project object */ = {
			isa = PBXProject;
			attributes = {
				BuildIndependentTargetsInParallel = 1;
				LastSwiftUpdateCheck = 1520;
				LastUpgradeCheck = 1520;
				TargetAttributes = {
					AC6769BC2C1AB1890009D356 = {
						CreatedOnToolsVersion = 15.2;
					};
					ACF51AFA2C2947EC00BD7820 = {
						CreatedOnToolsVersion = 15.2;
					};
				};
			};
			buildConfigurationList = AC6769B82C1AB1890009D356 /* Build configuration list for PBXProject "WBMessenger" */;
			compatibilityVersion = "Xcode 14.0";
			developmentRegion = en;
			hasScannedForEncodings = 0;
			knownRegions = (
				en,
				Base,
			);
			mainGroup = AC6769B42C1AB1890009D356;
			productRefGroup = AC6769BE2C1AB1890009D356 /* Products */;
			projectDirPath = "";
			projectRoot = "";
			targets = (
				AC6769BC2C1AB1890009D356 /* WBMessenger */,
				ACF51AFA2C2947EC00BD7820 /* WBMessengerWidgetExtension */,
			);
		};
/* End PBXProject section */

/* Begin PBXResourcesBuildPhase section */
		AC6769BB2C1AB1890009D356 /* Resources */ = {
			isa = PBXResourcesBuildPhase;
			buildActionMask = 2147483647;
			files = (
				AC6769C82C1AB18B0009D356 /* Preview Assets.xcassets in Resources */,
				AC6769C52C1AB18B0009D356 /* Assets.xcassets in Resources */,
			);
			runOnlyForDeploymentPostprocessing = 0;
		};
		ACF51AF92C2947EC00BD7820 /* Resources */ = {
			isa = PBXResourcesBuildPhase;
			buildActionMask = 2147483647;
			files = (
				ACF51B092C2947EE00BD7820 /* Assets.xcassets in Resources */,
			);
			runOnlyForDeploymentPostprocessing = 0;
		};
/* End PBXResourcesBuildPhase section */

/* Begin PBXSourcesBuildPhase section */
		AC6769B92C1AB1890009D356 /* Sources */ = {
			isa = PBXSourcesBuildPhase;
			buildActionMask = 2147483647;
			files = (
				AC6769C32C1AB1890009D356 /* ContentView.swift in Sources */,
				AC793C2A2C1AD70100BFDA4D /* AvatarView.swift in Sources */,
				ACF51B202C295DD000BD7820 /* ContactDelatilViewIntent.swift in Sources */,
				ACACAF2E2C22059E00E133A7 /* Router.swift in Sources */,
				AC2FAD892C20AB7C003F46C8 /* ContactAvatarView.swift in Sources */,
				ACF51B162C29490C00BD7820 /* DataRouter.swift in Sources */,
				ACF51B132C29483500BD7820 /* AppIntent.swift in Sources */,
				ACACAF2B2C21FD2100E133A7 /* MenuView.swift in Sources */,
				AC6769C12C1AB1890009D356 /* WBMessengerApp.swift in Sources */,
				ACF0E6E02C1AB338008787E6 /* WalkthroughView.swift in Sources */,
				ACF0E6E22C1AB364008787E6 /* UserAgreementButton.swift in Sources */,
				ACACAF282C21FA3A00E133A7 /* ChatsView.swift in Sources */,
				AC2FAD872C209F3D003F46C8 /* ContactRowView.swift in Sources */,
				AC793C2C2C1AE0E400BFDA4D /* SocialButtonsView.swift in Sources */,
				ACACAF312C220D2200E133A7 /* NavigationBar.swift in Sources */,
				ACACAF252C21F83E00E133A7 /* ContactDetailView.swift in Sources */,
				AC2FAD8B2C20B64C003F46C8 /* SearchLineView.swift in Sources */,
				AC793C262C1AC9F000BFDA4D /* ProfileAccountView.swift in Sources */,
				ACF0E6E62C1AB3B4008787E6 /* UserAgreementView.swift in Sources */,
				ACF0E6E92C1AB539008787E6 /* AuthorizationView.swift in Sources */,
				AC793C222C1AC96B00BFDA4D /* ContactsView.swift in Sources */,
				ACF0E6E42C1AB36F008787E6 /* LoginButtonView.swift in Sources */,
				AC793C202C1AC16900BFDA4D /* TermsOfUseView.swift in Sources */,
				ACACAF342C221F3100E133A7 /* ColorExtentions.swift in Sources */,
				AC793C282C1ACA6700BFDA4D /* ContactModel.swift in Sources */,
			);
			runOnlyForDeploymentPostprocessing = 0;
		};
		ACF51AF72C2947EC00BD7820 /* Sources */ = {
			isa = PBXSourcesBuildPhase;
			buildActionMask = 2147483647;
			files = (
				ACF51B172C29490C00BD7820 /* DataRouter.swift in Sources */,
				ACF51B072C2947EC00BD7820 /* WBMessengerWidget.swift in Sources */,
				ACF51B182C2949F300BD7820 /* ContactModel.swift in Sources */,
				ACF51B212C2962E500BD7820 /* Router.swift in Sources */,
				ACF51B142C2948BE00BD7820 /* AppIntent.swift in Sources */,
				ACF51B032C2947EC00BD7820 /* WBMessengerWidgetBundle.swift in Sources */,
				ACF51B052C2947EC00BD7820 /* WBMessengerWidgetLiveActivity.swift in Sources */,
			);
			runOnlyForDeploymentPostprocessing = 0;
		};
/* End PBXSourcesBuildPhase section */

/* Begin PBXTargetDependency section */
		ACF51B0C2C2947EE00BD7820 /* PBXTargetDependency */ = {
			isa = PBXTargetDependency;
			target = ACF51AFA2C2947EC00BD7820 /* WBMessengerWidgetExtension */;
			targetProxy = ACF51B0B2C2947EE00BD7820 /* PBXContainerItemProxy */;
		};
/* End PBXTargetDependency section */

/* Begin XCBuildConfiguration section */
		AC6769C92C1AB18B0009D356 /* Debug */ = {
			isa = XCBuildConfiguration;
			buildSettings = {
				ALWAYS_SEARCH_USER_PATHS = NO;
				ASSETCATALOG_COMPILER_GENERATE_SWIFT_ASSET_SYMBOL_EXTENSIONS = YES;
				CLANG_ANALYZER_NONNULL = YES;
				CLANG_ANALYZER_NUMBER_OBJECT_CONVERSION = YES_AGGRESSIVE;
				CLANG_CXX_LANGUAGE_STANDARD = "gnu++20";
				CLANG_ENABLE_MODULES = YES;
				CLANG_ENABLE_OBJC_ARC = YES;
				CLANG_ENABLE_OBJC_WEAK = YES;
				CLANG_WARN_BLOCK_CAPTURE_AUTORELEASING = YES;
				CLANG_WARN_BOOL_CONVERSION = YES;
				CLANG_WARN_COMMA = YES;
				CLANG_WARN_CONSTANT_CONVERSION = YES;
				CLANG_WARN_DEPRECATED_OBJC_IMPLEMENTATIONS = YES;
				CLANG_WARN_DIRECT_OBJC_ISA_USAGE = YES_ERROR;
				CLANG_WARN_DOCUMENTATION_COMMENTS = YES;
				CLANG_WARN_EMPTY_BODY = YES;
				CLANG_WARN_ENUM_CONVERSION = YES;
				CLANG_WARN_INFINITE_RECURSION = YES;
				CLANG_WARN_INT_CONVERSION = YES;
				CLANG_WARN_NON_LITERAL_NULL_CONVERSION = YES;
				CLANG_WARN_OBJC_IMPLICIT_RETAIN_SELF = YES;
				CLANG_WARN_OBJC_LITERAL_CONVERSION = YES;
				CLANG_WARN_OBJC_ROOT_CLASS = YES_ERROR;
				CLANG_WARN_QUOTED_INCLUDE_IN_FRAMEWORK_HEADER = YES;
				CLANG_WARN_RANGE_LOOP_ANALYSIS = YES;
				CLANG_WARN_STRICT_PROTOTYPES = YES;
				CLANG_WARN_SUSPICIOUS_MOVE = YES;
				CLANG_WARN_UNGUARDED_AVAILABILITY = YES_AGGRESSIVE;
				CLANG_WARN_UNREACHABLE_CODE = YES;
				CLANG_WARN__DUPLICATE_METHOD_MATCH = YES;
				COPY_PHASE_STRIP = NO;
				DEBUG_INFORMATION_FORMAT = dwarf;
				ENABLE_STRICT_OBJC_MSGSEND = YES;
				ENABLE_TESTABILITY = YES;
				ENABLE_USER_SCRIPT_SANDBOXING = YES;
				GCC_C_LANGUAGE_STANDARD = gnu17;
				GCC_DYNAMIC_NO_PIC = NO;
				GCC_NO_COMMON_BLOCKS = YES;
				GCC_OPTIMIZATION_LEVEL = 0;
				GCC_PREPROCESSOR_DEFINITIONS = (
					"DEBUG=1",
					"$(inherited)",
				);
				GCC_WARN_64_TO_32_BIT_CONVERSION = YES;
				GCC_WARN_ABOUT_RETURN_TYPE = YES_ERROR;
				GCC_WARN_UNDECLARED_SELECTOR = YES;
				GCC_WARN_UNINITIALIZED_AUTOS = YES_AGGRESSIVE;
				GCC_WARN_UNUSED_FUNCTION = YES;
				GCC_WARN_UNUSED_VARIABLE = YES;
				IPHONEOS_DEPLOYMENT_TARGET = 17.0;
				LOCALIZATION_PREFERS_STRING_CATALOGS = YES;
				MTL_ENABLE_DEBUG_INFO = INCLUDE_SOURCE;
				MTL_FAST_MATH = YES;
				ONLY_ACTIVE_ARCH = YES;
				SDKROOT = iphoneos;
				SWIFT_ACTIVE_COMPILATION_CONDITIONS = "DEBUG $(inherited)";
				SWIFT_OPTIMIZATION_LEVEL = "-Onone";
			};
			name = Debug;
		};
		AC6769CA2C1AB18B0009D356 /* Release */ = {
			isa = XCBuildConfiguration;
			buildSettings = {
				ALWAYS_SEARCH_USER_PATHS = NO;
				ASSETCATALOG_COMPILER_GENERATE_SWIFT_ASSET_SYMBOL_EXTENSIONS = YES;
				CLANG_ANALYZER_NONNULL = YES;
				CLANG_ANALYZER_NUMBER_OBJECT_CONVERSION = YES_AGGRESSIVE;
				CLANG_CXX_LANGUAGE_STANDARD = "gnu++20";
				CLANG_ENABLE_MODULES = YES;
				CLANG_ENABLE_OBJC_ARC = YES;
				CLANG_ENABLE_OBJC_WEAK = YES;
				CLANG_WARN_BLOCK_CAPTURE_AUTORELEASING = YES;
				CLANG_WARN_BOOL_CONVERSION = YES;
				CLANG_WARN_COMMA = YES;
				CLANG_WARN_CONSTANT_CONVERSION = YES;
				CLANG_WARN_DEPRECATED_OBJC_IMPLEMENTATIONS = YES;
				CLANG_WARN_DIRECT_OBJC_ISA_USAGE = YES_ERROR;
				CLANG_WARN_DOCUMENTATION_COMMENTS = YES;
				CLANG_WARN_EMPTY_BODY = YES;
				CLANG_WARN_ENUM_CONVERSION = YES;
				CLANG_WARN_INFINITE_RECURSION = YES;
				CLANG_WARN_INT_CONVERSION = YES;
				CLANG_WARN_NON_LITERAL_NULL_CONVERSION = YES;
				CLANG_WARN_OBJC_IMPLICIT_RETAIN_SELF = YES;
				CLANG_WARN_OBJC_LITERAL_CONVERSION = YES;
				CLANG_WARN_OBJC_ROOT_CLASS = YES_ERROR;
				CLANG_WARN_QUOTED_INCLUDE_IN_FRAMEWORK_HEADER = YES;
				CLANG_WARN_RANGE_LOOP_ANALYSIS = YES;
				CLANG_WARN_STRICT_PROTOTYPES = YES;
				CLANG_WARN_SUSPICIOUS_MOVE = YES;
				CLANG_WARN_UNGUARDED_AVAILABILITY = YES_AGGRESSIVE;
				CLANG_WARN_UNREACHABLE_CODE = YES;
				CLANG_WARN__DUPLICATE_METHOD_MATCH = YES;
				COPY_PHASE_STRIP = NO;
				DEBUG_INFORMATION_FORMAT = "dwarf-with-dsym";
				ENABLE_NS_ASSERTIONS = NO;
				ENABLE_STRICT_OBJC_MSGSEND = YES;
				ENABLE_USER_SCRIPT_SANDBOXING = YES;
				GCC_C_LANGUAGE_STANDARD = gnu17;
				GCC_NO_COMMON_BLOCKS = YES;
				GCC_WARN_64_TO_32_BIT_CONVERSION = YES;
				GCC_WARN_ABOUT_RETURN_TYPE = YES_ERROR;
				GCC_WARN_UNDECLARED_SELECTOR = YES;
				GCC_WARN_UNINITIALIZED_AUTOS = YES_AGGRESSIVE;
				GCC_WARN_UNUSED_FUNCTION = YES;
				GCC_WARN_UNUSED_VARIABLE = YES;
				IPHONEOS_DEPLOYMENT_TARGET = 17.0;
				LOCALIZATION_PREFERS_STRING_CATALOGS = YES;
				MTL_ENABLE_DEBUG_INFO = NO;
				MTL_FAST_MATH = YES;
				SDKROOT = iphoneos;
				SWIFT_COMPILATION_MODE = wholemodule;
				VALIDATE_PRODUCT = YES;
			};
			name = Release;
		};
		AC6769CC2C1AB18B0009D356 /* Debug */ = {
			isa = XCBuildConfiguration;
			buildSettings = {
				ALWAYS_EMBED_SWIFT_STANDARD_LIBRARIES = YES;
				ASSETCATALOG_COMPILER_APPICON_NAME = AppIcon;
				ASSETCATALOG_COMPILER_GLOBAL_ACCENT_COLOR_NAME = AccentColor;
				CODE_SIGN_ENTITLEMENTS = WBMessenger/WBMessenger.entitlements;
				CODE_SIGN_STYLE = Automatic;
				CURRENT_PROJECT_VERSION = 1;
				DEVELOPMENT_ASSET_PATHS = "\"WBMessenger/Preview Content\"";
				DEVELOPMENT_TEAM = JBDPFCSGM2;
				ENABLE_PREVIEWS = YES;
				GENERATE_INFOPLIST_FILE = YES;
				INFOPLIST_FILE = WBMessenger/Info.plist;
				INFOPLIST_KEY_UIApplicationSceneManifest_Generation = YES;
				INFOPLIST_KEY_UIApplicationSupportsIndirectInputEvents = YES;
				INFOPLIST_KEY_UILaunchScreen_Generation = YES;
				INFOPLIST_KEY_UISupportedInterfaceOrientations_iPad = "UIInterfaceOrientationPortrait UIInterfaceOrientationPortraitUpsideDown UIInterfaceOrientationLandscapeLeft UIInterfaceOrientationLandscapeRight";
				INFOPLIST_KEY_UISupportedInterfaceOrientations_iPhone = "UIInterfaceOrientationPortrait UIInterfaceOrientationLandscapeLeft UIInterfaceOrientationLandscapeRight";
				IPHONEOS_DEPLOYMENT_TARGET = 17.0;
				LD_RUNPATH_SEARCH_PATHS = (
					"$(inherited)",
					"@executable_path/Frameworks",
				);
				MARKETING_VERSION = 1.0;
				PRODUCT_BUNDLE_IDENTIFIER = noychus.WBMessenger;
				PRODUCT_NAME = "$(TARGET_NAME)";
				SWIFT_EMIT_LOC_STRINGS = YES;
				SWIFT_VERSION = 5.0;
				TARGETED_DEVICE_FAMILY = "1,2";
			};
			name = Debug;
		};
		AC6769CD2C1AB18B0009D356 /* Release */ = {
			isa = XCBuildConfiguration;
			buildSettings = {
				ALWAYS_EMBED_SWIFT_STANDARD_LIBRARIES = YES;
				ASSETCATALOG_COMPILER_APPICON_NAME = AppIcon;
				ASSETCATALOG_COMPILER_GLOBAL_ACCENT_COLOR_NAME = AccentColor;
				CODE_SIGN_ENTITLEMENTS = WBMessenger/WBMessenger.entitlements;
				CODE_SIGN_STYLE = Automatic;
				CURRENT_PROJECT_VERSION = 1;
				DEVELOPMENT_ASSET_PATHS = "\"WBMessenger/Preview Content\"";
				DEVELOPMENT_TEAM = JBDPFCSGM2;
				ENABLE_PREVIEWS = YES;
				GENERATE_INFOPLIST_FILE = YES;
				INFOPLIST_FILE = WBMessenger/Info.plist;
				INFOPLIST_KEY_UIApplicationSceneManifest_Generation = YES;
				INFOPLIST_KEY_UIApplicationSupportsIndirectInputEvents = YES;
				INFOPLIST_KEY_UILaunchScreen_Generation = YES;
				INFOPLIST_KEY_UISupportedInterfaceOrientations_iPad = "UIInterfaceOrientationPortrait UIInterfaceOrientationPortraitUpsideDown UIInterfaceOrientationLandscapeLeft UIInterfaceOrientationLandscapeRight";
				INFOPLIST_KEY_UISupportedInterfaceOrientations_iPhone = "UIInterfaceOrientationPortrait UIInterfaceOrientationLandscapeLeft UIInterfaceOrientationLandscapeRight";
				IPHONEOS_DEPLOYMENT_TARGET = 17.0;
				LD_RUNPATH_SEARCH_PATHS = (
					"$(inherited)",
					"@executable_path/Frameworks",
				);
				MARKETING_VERSION = 1.0;
				PRODUCT_BUNDLE_IDENTIFIER = noychus.WBMessenger;
				PRODUCT_NAME = "$(TARGET_NAME)";
				SWIFT_EMIT_LOC_STRINGS = YES;
				SWIFT_VERSION = 5.0;
				TARGETED_DEVICE_FAMILY = "1,2";
			};
			name = Release;
		};
		ACF51B0F2C2947EE00BD7820 /* Debug */ = {
			isa = XCBuildConfiguration;
			buildSettings = {
				ASSETCATALOG_COMPILER_GLOBAL_ACCENT_COLOR_NAME = AccentColor;
				ASSETCATALOG_COMPILER_WIDGET_BACKGROUND_COLOR_NAME = WidgetBackground;
				CODE_SIGN_ENTITLEMENTS = WBMessengerWidgetExtension.entitlements;
				CODE_SIGN_STYLE = Automatic;
				CURRENT_PROJECT_VERSION = 1;
				DEVELOPMENT_TEAM = JBDPFCSGM2;
				GENERATE_INFOPLIST_FILE = YES;
				INFOPLIST_FILE = WBMessengerWidget/Info.plist;
				INFOPLIST_KEY_CFBundleDisplayName = WBMessengerWidget;
				INFOPLIST_KEY_NSHumanReadableCopyright = "";
				IPHONEOS_DEPLOYMENT_TARGET = 17.2;
				LD_RUNPATH_SEARCH_PATHS = (
					"$(inherited)",
					"@executable_path/Frameworks",
					"@executable_path/../../Frameworks",
				);
				MARKETING_VERSION = 1.0;
				PRODUCT_BUNDLE_IDENTIFIER = noychus.WBMessenger.WBMessengerWidget;
				PRODUCT_NAME = "$(TARGET_NAME)";
				SKIP_INSTALL = YES;
				SWIFT_EMIT_LOC_STRINGS = YES;
				SWIFT_VERSION = 5.0;
				TARGETED_DEVICE_FAMILY = "1,2";
			};
			name = Debug;
		};
		ACF51B102C2947EE00BD7820 /* Release */ = {
			isa = XCBuildConfiguration;
			buildSettings = {
				ASSETCATALOG_COMPILER_GLOBAL_ACCENT_COLOR_NAME = AccentColor;
				ASSETCATALOG_COMPILER_WIDGET_BACKGROUND_COLOR_NAME = WidgetBackground;
				CODE_SIGN_ENTITLEMENTS = WBMessengerWidgetExtension.entitlements;
				CODE_SIGN_STYLE = Automatic;
				CURRENT_PROJECT_VERSION = 1;
				DEVELOPMENT_TEAM = JBDPFCSGM2;
				GENERATE_INFOPLIST_FILE = YES;
				INFOPLIST_FILE = WBMessengerWidget/Info.plist;
				INFOPLIST_KEY_CFBundleDisplayName = WBMessengerWidget;
				INFOPLIST_KEY_NSHumanReadableCopyright = "";
				IPHONEOS_DEPLOYMENT_TARGET = 17.2;
				LD_RUNPATH_SEARCH_PATHS = (
					"$(inherited)",
					"@executable_path/Frameworks",
					"@executable_path/../../Frameworks",
				);
				MARKETING_VERSION = 1.0;
				PRODUCT_BUNDLE_IDENTIFIER = noychus.WBMessenger.WBMessengerWidget;
				PRODUCT_NAME = "$(TARGET_NAME)";
				SKIP_INSTALL = YES;
				SWIFT_EMIT_LOC_STRINGS = YES;
				SWIFT_VERSION = 5.0;
				TARGETED_DEVICE_FAMILY = "1,2";
			};
			name = Release;
		};
/* End XCBuildConfiguration section */

/* Begin XCConfigurationList section */
		AC6769B82C1AB1890009D356 /* Build configuration list for PBXProject "WBMessenger" */ = {
			isa = XCConfigurationList;
			buildConfigurations = (
				AC6769C92C1AB18B0009D356 /* Debug */,
				AC6769CA2C1AB18B0009D356 /* Release */,
			);
			defaultConfigurationIsVisible = 0;
			defaultConfigurationName = Release;
		};
		AC6769CB2C1AB18B0009D356 /* Build configuration list for PBXNativeTarget "WBMessenger" */ = {
			isa = XCConfigurationList;
			buildConfigurations = (
				AC6769CC2C1AB18B0009D356 /* Debug */,
				AC6769CD2C1AB18B0009D356 /* Release */,
			);
			defaultConfigurationIsVisible = 0;
			defaultConfigurationName = Release;
		};
		ACF51B0E2C2947EE00BD7820 /* Build configuration list for PBXNativeTarget "WBMessengerWidgetExtension" */ = {
			isa = XCConfigurationList;
			buildConfigurations = (
				ACF51B0F2C2947EE00BD7820 /* Debug */,
				ACF51B102C2947EE00BD7820 /* Release */,
			);
			defaultConfigurationIsVisible = 0;
			defaultConfigurationName = Release;
		};
/* End XCConfigurationList section */
	};
	rootObject = AC6769B52C1AB1890009D356 /* Project object */;
}
